
Microsoft Visual Studio Solution File, Format Version 12.00
# Visual Studio Version 17
VisualStudioVersion = 17.11.35222.181
MinimumVisualStudioVersion = 10.0.40219.1
Project("{9A19103F-16F7-4668-BE54-9A1E7A4F7556}") = "WeatherOverviewApi", "WeatherOverviewApi\WeatherOverviewApi.csproj", "{484D2CA4-D097-4367-8F36-8C53D0A77F09}"
EndProject
Project("{54A90642-561A-4BB1-A94E-469ADEE60C69}") = "Frontend", "task2.client\Frontend.esproj", "{072BB9F0-7217-4677-AF22-DD314B253C67}"
EndProject
Project("{9A19103F-16F7-4668-BE54-9A1E7A4F7556}") = "Persistence", "Persistence\Persistence.csproj", "{7B4E702F-D66B-4FCF-AFD3-25597AAFB978}"
EndProject
Project("{9A19103F-16F7-4668-BE54-9A1E7A4F7556}") = "Domain", "Domain\Domain.csproj", "{4D5D38ED-F76E-4A71-B3FB-ABFD4ECC9EF6}"
EndProject
Project("{9A19103F-16F7-4668-BE54-9A1E7A4F7556}") = "Services", "Services\Services.csproj", "{84A472AD-8C31-40CD-9EB8-E65B52E9D2D0}"
EndProject
Project("{9A19103F-16F7-4668-BE54-9A1E7A4F7556}") = "Integration", "Integration\Integration.csproj", "{42A4E377-0DDD-439B-807E-319DAB8E98E9}"
EndProject
Project("{9A19103F-16F7-4668-BE54-9A1E7A4F7556}") = "Common", "Common\Common.csproj", "{2CDAD1F7-6BBD-423A-B272-D2F78DED53B2}"
EndProject
Global
	GlobalSection(SolutionConfigurationPlatforms) = preSolution
		Debug|Any CPU = Debug|Any CPU
		Release|Any CPU = Release|Any CPU
	EndGlobalSection
	GlobalSection(ProjectConfigurationPlatforms) = postSolution
		{484D2CA4-D097-4367-8F36-8C53D0A77F09}.Debug|Any CPU.ActiveCfg = Debug|Any CPU
		{484D2CA4-D097-4367-8F36-8C53D0A77F09}.Debug|Any CPU.Build.0 = Debug|Any CPU
		{484D2CA4-D097-4367-8F36-8C53D0A77F09}.Release|Any CPU.ActiveCfg = Release|Any CPU
		{484D2CA4-D097-4367-8F36-8C53D0A77F09}.Release|Any CPU.Build.0 = Release|Any CPU
		{072BB9F0-7217-4677-AF22-DD314B253C67}.Debug|Any CPU.ActiveCfg = Debug|Any CPU
		{072BB9F0-7217-4677-AF22-DD314B253C67}.Debug|Any CPU.Build.0 = Debug|Any CPU
		{072BB9F0-7217-4677-AF22-DD314B253C67}.Debug|Any CPU.Deploy.0 = Debug|Any CPU
		{072BB9F0-7217-4677-AF22-DD314B253C67}.Release|Any CPU.ActiveCfg = Release|Any CPU
		{072BB9F0-7217-4677-AF22-DD314B253C67}.Release|Any CPU.Build.0 = Release|Any CPU
		{072BB9F0-7217-4677-AF22-DD314B253C67}.Release|Any CPU.Deploy.0 = Release|Any CPU
		{7B4E702F-D66B-4FCF-AFD3-25597AAFB978}.Debug|Any CPU.ActiveCfg = Debug|Any CPU
		{7B4E702F-D66B-4FCF-AFD3-25597AAFB978}.Debug|Any CPU.Build.0 = Debug|Any CPU
		{7B4E702F-D66B-4FCF-AFD3-25597AAFB978}.Release|Any CPU.ActiveCfg = Release|Any CPU
		{7B4E702F-D66B-4FCF-AFD3-25597AAFB978}.Release|Any CPU.Build.0 = Release|Any CPU
		{4D5D38ED-F76E-4A71-B3FB-ABFD4ECC9EF6}.Debug|Any CPU.ActiveCfg = Debug|Any CPU
		{4D5D38ED-F76E-4A71-B3FB-ABFD4ECC9EF6}.Debug|Any CPU.Build.0 = Debug|Any CPU
		{4D5D38ED-F76E-4A71-B3FB-ABFD4ECC9EF6}.Release|Any CPU.ActiveCfg = Release|Any CPU
		{4D5D38ED-F76E-4A71-B3FB-ABFD4ECC9EF6}.Release|Any CPU.Build.0 = Release|Any CPU
		{84A472AD-8C31-40CD-9EB8-E65B52E9D2D0}.Debug|Any CPU.ActiveCfg = Debug|Any CPU
		{84A472AD-8C31-40CD-9EB8-E65B52E9D2D0}.Debug|Any CPU.Build.0 = Debug|Any CPU
		{84A472AD-8C31-40CD-9EB8-E65B52E9D2D0}.Release|Any CPU.ActiveCfg = Release|Any CPU
		{84A472AD-8C31-40CD-9EB8-E65B52E9D2D0}.Release|Any CPU.Build.0 = Release|Any CPU
		{42A4E377-0DDD-439B-807E-319DAB8E98E9}.Debug|Any CPU.ActiveCfg = Debug|Any CPU
		{42A4E377-0DDD-439B-807E-319DAB8E98E9}.Debug|Any CPU.Build.0 = Debug|Any CPU
		{42A4E377-0DDD-439B-807E-319DAB8E98E9}.Release|Any CPU.ActiveCfg = Release|Any CPU
		{42A4E377-0DDD-439B-807E-319DAB8E98E9}.Release|Any CPU.Build.0 = Release|Any CPU
		{2CDAD1F7-6BBD-423A-B272-D2F78DED53B2}.Debug|Any CPU.ActiveCfg = Debug|Any CPU
		{2CDAD1F7-6BBD-423A-B272-D2F78DED53B2}.Debug|Any CPU.Build.0 = Debug|Any CPU
		{2CDAD1F7-6BBD-423A-B272-D2F78DED53B2}.Release|Any CPU.ActiveCfg = Release|Any CPU
		{2CDAD1F7-6BBD-423A-B272-D2F78DED53B2}.Release|Any CPU.Build.0 = Release|Any CPU
	EndGlobalSection
	GlobalSection(SolutionProperties) = preSolution
		HideSolutionNode = FALSE
	EndGlobalSection
	GlobalSection(ExtensibilityGlobals) = postSolution
		SolutionGuid = {F9248B5C-B105-4C4F-81F4-11990FBEA2D1}
	EndGlobalSection
EndGlobal
